{
  "originHash" : "e51541c07b77ab434c4776a0980997f1cc8144e146589df13841ad7b271e82ff",
  "pins" : [
    {
      "identity" : "grdb.swift",
      "kind" : "remoteSourceControl",
      "location" : "https://github.com/groue/GRDB.swift.git",
      "state" : {
        "revision" : "36e30a6f1ef10e4194f6af0cff90888526f0c115",
        "version" : "7.10.0"
      }
    },
    {
      "identity" : "libwebp-xcode",
      "kind" : "remoteSourceControl",
      "location" : "https://github.com/SDWebImage/libwebp-Xcode.git",
      "state" : {
        "revision" : "0d60654eeefd5d7d2bef3835804892c40225e8b2",
        "version" : "1.5.0"
      }
    },
    {
      "identity" : "sparkle",
      "kind" : "remoteSourceControl",
      "location" : "https://github.com/sparkle-project/Sparkle",
      "state" : {
        "revision" : "5581748cef2bae787496fe6d61139aebe0a451f6",
        "version" : "2.8.1"
      }
    },
    {
      "identity" : "swift-webp",
      "kind" : "remoteSourceControl",
      "location" : "https://github.com/ainame/Swift-WebP.git",
      "state" : {
        "revision" : "4e7310667297f066e4884b6258a3a646cac8a50b",
        "version" : "0.6.1"
      }
    }
  ],
  "version" : 3
}
